
Microsoft Visual Studio Solution File, Format Version 12.00
# Visual Studio Version 17
VisualStudioVersion = 17.2.32519.379
MinimumVisualStudioVersion = 10.0.40219.1
Project("{FAE04EC0-301F-11D3-BF4B-00C04F79EFBC}") = "AwoBotDemo", "AwoBotDemo\AwoBotDemo.csproj", "{BF9B4049-8C16-4364-887B-E634CA64E798}"
EndProject
Global
	GlobalSection(SolutionConfigurationPlatforms) = preSolution
		Debug|Any CPU = Debug|Any CPU
		Release|Any CPU = Release|Any CPU
	EndGlobalSection
	GlobalSection(ProjectConfigurationPlatforms) = postSolution
		{BF9B4049-8C16-4364-887B-E634CA64E798}.Debug|Any CPU.ActiveCfg = Debug|Any CPU
		{BF9B4049-8C16-4364-887B-E634CA64E798}.Debug|Any CPU.Build.0 = Debug|Any CPU
		{BF9B4049-8C16-4364-887B-E634CA64E798}.Release|Any CPU.ActiveCfg = Release|Any CPU
		{BF9B4049-8C16-4364-887B-E634CA64E798}.Release|Any CPU.Build.0 = Release|Any CPU
	EndGlobalSection
	GlobalSection(SolutionProperties) = preSolution
		HideSolutionNode = FALSE
	EndGlobalSection
	GlobalSection(ExtensibilityGlobals) = postSolution
		SolutionGuid = {C7545388-485D-4CBA-9BF6-695ABC68C922}
	EndGlobalSection
EndGlobal
